{
  "version": 4,
  "terraform_version": "1.0.6",
  "serial": 447,
  "lineage": "20253948-e6f9-641b-4b65-46d4c4323bf1",
  "outputs": {},
  "resources": [
    {
      "mode": "managed",
      "type": "aws_internet_gateway",
      "name": "igw",
      "provider": "provider[\"registry.terraform.io/hashicorp/aws\"]",
      "instances": [
        {
          "schema_version": 0,
          "attributes": {
            "arn": "arn:aws:ec2:ap-northeast-1:665378081513:internet-gateway/igw-0f48acd752a931389",
            "id": "igw-0f48acd752a931389",
            "owner_id": "665378081513",
            "tags": {
              "Cost": "cost-minecraft",
              "Name": "minecraft-igw"
            },
            "tags_all": {
              "Cost": "cost-minecraft",
              "Name": "minecraft-igw"
            },
            "vpc_id": "vpc-083d57d6052909450"
          },
          "sensitive_attributes": [],
          "private": "bnVsbA==",
          "dependencies": [
            "aws_vpc.vpc"
          ]
        }
      ]
    },
    {
      "mode": "managed",
      "type": "aws_route_table",
      "name": "route_table",
      "provider": "provider[\"registry.terraform.io/hashicorp/aws\"]",
      "instances": [
        {
          "schema_version": 0,
          "attributes": {
            "arn": "arn:aws:ec2:ap-northeast-1:665378081513:route-table/rtb-08e97baa8fc3fe2a0",
            "id": "rtb-08e97baa8fc3fe2a0",
            "owner_id": "665378081513",
            "propagating_vgws": [],
            "route": [
              {
                "carrier_gateway_id": "",
                "cidr_block": "0.0.0.0/0",
                "destination_prefix_list_id": "",
                "egress_only_gateway_id": "",
                "gateway_id": "igw-0f48acd752a931389",
                "instance_id": "",
                "ipv6_cidr_block": "",
                "local_gateway_id": "",
                "nat_gateway_id": "",
                "network_interface_id": "",
                "transit_gateway_id": "",
                "vpc_endpoint_id": "",
                "vpc_peering_connection_id": ""
              }
            ],
            "tags": {
              "Cost": "cost-minecraft",
              "Name": "minecraft-rtb"
            },
            "tags_all": {
              "Cost": "cost-minecraft",
              "Name": "minecraft-rtb"
            },
            "vpc_id": "vpc-083d57d6052909450"
          },
          "sensitive_attributes": [],
          "private": "bnVsbA==",
          "dependencies": [
            "aws_internet_gateway.igw",
            "aws_vpc.vpc"
          ]
        }
      ]
    },
    {
      "mode": "managed",
      "type": "aws_route_table_association",
      "name": "route_assoc",
      "provider": "provider[\"registry.terraform.io/hashicorp/aws\"]",
      "instances": [
        {
          "schema_version": 0,
          "attributes": {
            "gateway_id": "",
            "id": "rtbassoc-05dac923d8341a570",
            "route_table_id": "rtb-08e97baa8fc3fe2a0",
            "subnet_id": "subnet-0288d05935baa0f11"
          },
          "sensitive_attributes": [],
          "private": "bnVsbA==",
          "dependencies": [
            "aws_internet_gateway.igw",
            "aws_route_table.route_table",
            "aws_subnet.subnet",
            "aws_vpc.vpc"
          ]
        }
      ]
    },
    {
      "mode": "managed",
      "type": "aws_security_group",
      "name": "sg-mine",
      "provider": "provider[\"registry.terraform.io/hashicorp/aws\"]",
      "instances": [
        {
          "schema_version": 1,
          "attributes": {
            "arn": "arn:aws:ec2:ap-northeast-1:665378081513:security-group/sg-06765631a655d569a",
            "description": "Allow Minecraft inbound traffic",
            "egress": [
              {
                "cidr_blocks": [
                  "0.0.0.0/0"
                ],
                "description": "",
                "from_port": 0,
                "ipv6_cidr_blocks": [],
                "prefix_list_ids": [],
                "protocol": "-1",
                "security_groups": [],
                "self": false,
                "to_port": 0
              }
            ],
            "id": "sg-06765631a655d569a",
            "ingress": [
              {
                "cidr_blocks": [
                  "118.87.184.121/32"
                ],
                "description": "",
                "from_port": 25565,
                "ipv6_cidr_blocks": [],
                "prefix_list_ids": [],
                "protocol": "tcp",
                "security_groups": [],
                "self": false,
                "to_port": 25565
              }
            ],
            "name": "tf-hito-sg-mine",
            "name_prefix": "",
            "owner_id": "665378081513",
            "revoke_rules_on_delete": false,
            "tags": {
              "Cost": "cost-minecraft",
              "Name": "minecraft-sg-mine"
            },
            "tags_all": {
              "Cost": "cost-minecraft",
              "Name": "minecraft-sg-mine"
            },
            "timeouts": null,
            "vpc_id": "vpc-083d57d6052909450"
          },
          "sensitive_attributes": [],
          "private": "eyJlMmJmYjczMC1lY2FhLTExZTYtOGY4OC0zNDM2M2JjN2M0YzAiOnsiY3JlYXRlIjo2MDAwMDAwMDAwMDAsImRlbGV0ZSI6OTAwMDAwMDAwMDAwfSwic2NoZW1hX3ZlcnNpb24iOiIxIn0=",
          "dependencies": [
            "aws_vpc.vpc"
          ]
        }
      ]
    },
    {
      "mode": "managed",
      "type": "aws_security_group",
      "name": "sg-ssh",
      "provider": "provider[\"registry.terraform.io/hashicorp/aws\"]",
      "instances": [
        {
          "schema_version": 1,
          "attributes": {
            "arn": "arn:aws:ec2:ap-northeast-1:665378081513:security-group/sg-04a0b1a0f9ac5cd67",
            "description": "Allow SSH inbound traffic",
            "egress": [
              {
                "cidr_blocks": [
                  "0.0.0.0/0"
                ],
                "description": "",
                "from_port": 0,
                "ipv6_cidr_blocks": [],
                "prefix_list_ids": [],
                "protocol": "-1",
                "security_groups": [],
                "self": false,
                "to_port": 0
              }
            ],
            "id": "sg-04a0b1a0f9ac5cd67",
            "ingress": [
              {
                "cidr_blocks": [
                  "0.0.0.0/0"
                ],
                "description": "",
                "from_port": 22,
                "ipv6_cidr_blocks": [],
                "prefix_list_ids": [],
                "protocol": "tcp",
                "security_groups": [],
                "self": false,
                "to_port": 22
              }
            ],
            "name": "tf-hito-sg-ssh",
            "name_prefix": "",
            "owner_id": "665378081513",
            "revoke_rules_on_delete": false,
            "tags": {
              "Cost": "cost-minecraft",
              "Name": "minecraft-sg-ssh"
            },
            "tags_all": {
              "Cost": "cost-minecraft",
              "Name": "minecraft-sg-ssh"
            },
            "timeouts": null,
            "vpc_id": "vpc-083d57d6052909450"
          },
          "sensitive_attributes": [],
          "private": "eyJlMmJmYjczMC1lY2FhLTExZTYtOGY4OC0zNDM2M2JjN2M0YzAiOnsiY3JlYXRlIjo2MDAwMDAwMDAwMDAsImRlbGV0ZSI6OTAwMDAwMDAwMDAwfSwic2NoZW1hX3ZlcnNpb24iOiIxIn0=",
          "dependencies": [
            "aws_vpc.vpc"
          ]
        }
      ]
    },
    {
      "mode": "managed",
      "type": "aws_security_group_rule",
      "name": "same_sg",
      "provider": "provider[\"registry.terraform.io/hashicorp/aws\"]",
      "instances": [
        {
          "schema_version": 2,
          "attributes": {
            "cidr_blocks": null,
            "description": null,
            "from_port": -1,
            "id": "sgrule-4014810318",
            "ipv6_cidr_blocks": null,
            "prefix_list_ids": null,
            "protocol": "-1",
            "security_group_id": "sg-04a0b1a0f9ac5cd67",
            "self": false,
            "source_security_group_id": "sg-04a0b1a0f9ac5cd67",
            "to_port": -1,
            "type": "ingress"
          },
          "sensitive_attributes": [],
          "private": "eyJzY2hlbWFfdmVyc2lvbiI6IjIifQ==",
          "dependencies": [
            "aws_security_group.sg-ssh",
            "aws_vpc.vpc"
          ]
        }
      ]
    },
    {
      "mode": "managed",
      "type": "aws_subnet",
      "name": "subnet",
      "provider": "provider[\"registry.terraform.io/hashicorp/aws\"]",
      "instances": [
        {
          "schema_version": 1,
          "attributes": {
            "arn": "arn:aws:ec2:ap-northeast-1:665378081513:subnet/subnet-0288d05935baa0f11",
            "assign_ipv6_address_on_creation": false,
            "availability_zone": "ap-northeast-1a",
            "availability_zone_id": "apne1-az4",
            "cidr_block": "10.1.0.0/24",
            "customer_owned_ipv4_pool": "",
            "id": "subnet-0288d05935baa0f11",
            "ipv6_cidr_block": "",
            "ipv6_cidr_block_association_id": "",
            "map_customer_owned_ip_on_launch": false,
            "map_public_ip_on_launch": false,
            "outpost_arn": "",
            "owner_id": "665378081513",
            "tags": {
              "Cost": "cost-minecraft",
              "Name": "minecraft-sbn-1a"
            },
            "tags_all": {
              "Cost": "cost-minecraft",
              "Name": "minecraft-sbn-1a"
            },
            "timeouts": null,
            "vpc_id": "vpc-083d57d6052909450"
          },
          "sensitive_attributes": [],
          "private": "eyJlMmJmYjczMC1lY2FhLTExZTYtOGY4OC0zNDM2M2JjN2M0YzAiOnsiY3JlYXRlIjo2MDAwMDAwMDAwMDAsImRlbGV0ZSI6MTIwMDAwMDAwMDAwMH0sInNjaGVtYV92ZXJzaW9uIjoiMSJ9",
          "dependencies": [
            "aws_vpc.vpc"
          ]
        }
      ]
    },
    {
      "mode": "managed",
      "type": "aws_vpc",
      "name": "vpc",
      "provider": "provider[\"registry.terraform.io/hashicorp/aws\"]",
      "instances": [
        {
          "schema_version": 1,
          "attributes": {
            "arn": "arn:aws:ec2:ap-northeast-1:665378081513:vpc/vpc-083d57d6052909450",
            "assign_generated_ipv6_cidr_block": false,
            "cidr_block": "10.1.0.0/16",
            "default_network_acl_id": "acl-0a48798c6f34ae04a",
            "default_route_table_id": "rtb-03d18e7d304e3ddf6",
            "default_security_group_id": "sg-0cefed1d89a00e40a",
            "dhcp_options_id": "dopt-0b888e729d0148858",
            "enable_classiclink": false,
            "enable_classiclink_dns_support": false,
            "enable_dns_hostnames": false,
            "enable_dns_support": true,
            "id": "vpc-083d57d6052909450",
            "instance_tenancy": "default",
            "ipv6_association_id": "",
            "ipv6_cidr_block": "",
            "main_route_table_id": "rtb-03d18e7d304e3ddf6",
            "owner_id": "665378081513",
            "tags": {
              "Cost": "cost-minecraft",
              "Name": "minecraft-vpc"
            },
            "tags_all": {
              "Cost": "cost-minecraft",
              "Name": "minecraft-vpc"
            }
          },
          "sensitive_attributes": [],
          "private": "eyJzY2hlbWFfdmVyc2lvbiI6IjEifQ=="
        }
      ]
    }
  ]
}
